version = 1
revision = 3
requires-python = ">=3.14"

[[package]]
name = "chess"
version = "0.1.0"
source = { editable = "." }

[package.dev-dependencies]
dev = [
    { name = "pytest" },
    { name = "pytest-mock" },
    { name = "ruff" },
    { name = "ty" },
]

[package.metadata]

[package.metadata.requires-dev]
dev = [
    { name = "pytest", specifier = ">=9.0.2" },
    { name = "pytest-mock", specifier = ">=3.15.1" },
    { name = "ruff", specifier = ">=0.14.12" },
    { name = "ty", specifier = ">=0.0.12" },
]

[[package]]
name = "colorama"
version = "0.4.6"
source = { registry = "https://pypi.org/simple" }
sdist = { url = "https://files.pythonhosted.org/packages/d8/53/6f443c9a4a8358a93a6792e2acffb9d9d5cb0a5cfd8802644b7b1c9a02e4/colorama-0.4.6.tar.gz", hash = "sha256:08695f5cb7ed6e0531a20572697297273c47b8cae5a63ffc6d6ed5c201be6e44", size = 27697, upload-time = "2022-10-25T02:36:22.414Z" }
wheels = [
    { url = "https://files.pythonhosted.org/packages/d1/d6/3965ed04c63042e047cb6a3e6ed1a63a35087b6a609aa3a15ed8ac56c221/colorama-0.4.6-py2.py3-none-any.whl", hash = "sha256:4f1d9991f5acc0ca119f9d443620b77f9d6b33703e51011c16baf57afb285fc6", size = 25335, upload-time = "2022-10-25T02:36:20.889Z" },
]

[[package]]
name = "iniconfig"
version = "2.3.0"
source = { registry = "https://pypi.org/simple" }
sdist = { url = "https://files.pythonhosted.org/packages/72/34/14ca021ce8e5dfedc35312d08ba8bf51fdd999c576889fc2c24cb97f4f10/iniconfig-2.3.0.tar.gz", hash = "sha256:c76315c77db068650d49c5b56314774a7804df16fee4402c1f19d6d15d8c4730", size = 20503, upload-time = "2025-10-18T21:55:43.219Z" }
wheels = [
    { url = "https://files.pythonhosted.org/packages/cb/b1/3846dd7f199d53cb17f49cba7e651e9ce294d8497c8c150530ed11865bb8/iniconfig-2.3.0-py3-none-any.whl", hash = "sha256:f631c04d2c48c52b84d0d0549c99ff3859c98df65b3101406327ecc7d53fbf12", size = 7484, upload-time = "2025-10-18T21:55:41.639Z" },
]

[[package]]
name = "packaging"
version = "25.0"
source = { registry = "https://pypi.org/simple" }
sdist = { url = "https://files.pythonhosted.org/packages/a1/d4/1fc4078c65507b51b96ca8f8c3ba19e6a61c8253c72794544580a7b6c24d/packaging-25.0.tar.gz", hash = "sha256:d443872c98d677bf60f6a1f2f8c1cb748e8fe762d2bf9d3148b5599295b0fc4f", size = 165727, upload-time = "2025-04-19T11:48:59.673Z" }
wheels = [
    { url = "https://files.pythonhosted.org/packages/20/12/38679034af332785aac8774540895e234f4d07f7545804097de4b666afd8/packaging-25.0-py3-none-any.whl", hash = "sha256:29572ef2b1f17581046b3a2227d5c611fb25ec70ca1ba8554b24b0e69331a484", size = 66469, upload-time = "2025-04-19T11:48:57.875Z" },
]

[[package]]
name = "pluggy"
version = "1.6.0"
source = { registry = "https://pypi.org/simple" }
sdist = { url = "https://files.pythonhosted.org/packages/f9/e2/3e91f31a7d2b083fe6ef3fa267035b518369d9511ffab804f839851d2779/pluggy-1.6.0.tar.gz", hash = "sha256:7dcc130b76258d33b90f61b658791dede3486c3e6bfb003ee5c9bfb396dd22f3", size = 69412, upload-time = "2025-05-15T12:30:07.975Z" }
wheels = [
    { url = "https://files.pythonhosted.org/packages/54/20/4d324d65cc6d9205fabedc306948156824eb9f0ee1633355a8f7ec5c66bf/pluggy-1.6.0-py3-none-any.whl", hash = "sha256:e920276dd6813095e9377c0bc5566d94c932c33b27a3e3945d8389c374dd4746", size = 20538, upload-time = "2025-05-15T12:30:06.134Z" },
]

[[package]]
name = "pygments"
version = "2.19.2"
source = { registry = "https://pypi.org/simple" }
sdist = { url = "https://files.pythonhosted.org/packages/b0/77/a5b8c569bf593b0140bde72ea885a803b82086995367bf2037de0159d924/pygments-2.19.2.tar.gz", hash = "sha256:636cb2477cec7f8952536970bc533bc43743542f70392ae026374600add5b887", size = 4968631, upload-time = "2025-06-21T13:39:12.283Z" }
wheels = [
    { url = "https://files.pythonhosted.org/packages/c7/21/705964c7812476f378728bdf590ca4b771ec72385c533964653c68e86bdc/pygments-2.19.2-py3-none-any.whl", hash = "sha256:86540386c03d588bb81d44bc3928634ff26449851e99741617ecb9037ee5ec0b", size = 1225217, upload-time = "2025-06-21T13:39:07.939Z" },
]

[[package]]
name = "pytest"
version = "9.0.2"
source = { registry = "https://pypi.org/simple" }
dependencies = [
    { name = "colorama", marker = "sys_platform == 'win32'" },
    { name = "iniconfig" },
    { name = "packaging" },
    { name = "pluggy" },
    { name = "pygments" },
]
sdist = { url = "https://files.pythonhosted.org/packages/d1/db/7ef3487e0fb0049ddb5ce41d3a49c235bf9ad299b6a25d5780a89f19230f/pytest-9.0.2.tar.gz", hash = "sha256:75186651a92bd89611d1d9fc20f0b4345fd827c41ccd5c299a868a05d70edf11", size = 1568901, upload-time = "2025-12-06T21:30:51.014Z" }
wheels = [
    { url = "https://files.pythonhosted.org/packages/3b/ab/b3226f0bd7cdcf710fbede2b3548584366da3b19b5021e74f5bde2a8fa3f/pytest-9.0.2-py3-none-any.whl", hash = "sha256:711ffd45bf766d5264d487b917733b453d917afd2b0ad65223959f59089f875b", size = 374801, upload-time = "2025-12-06T21:30:49.154Z" },
]

[[package]]
name = "pytest-mock"
version = "3.15.1"
source = { registry = "https://pypi.org/simple" }
dependencies = [
    { name = "pytest" },
]
sdist = { url = "https://files.pythonhosted.org/packages/68/14/eb014d26be205d38ad5ad20d9a80f7d201472e08167f0bb4361e251084a9/pytest_mock-3.15.1.tar.gz", hash = "sha256:1849a238f6f396da19762269de72cb1814ab44416fa73a8686deac10b0d87a0f", size = 34036, upload-time = "2025-09-16T16:37:27.081Z" }
wheels = [
    { url = "https://files.pythonhosted.org/packages/5a/cc/06253936f4a7fa2e0f48dfe6d851d9c56df896a9ab09ac019d70b760619c/pytest_mock-3.15.1-py3-none-any.whl", hash = "sha256:0a25e2eb88fe5168d535041d09a4529a188176ae608a6d249ee65abc0949630d", size = 10095, upload-time = "2025-09-16T16:37:25.734Z" },
]

[[package]]
name = "ruff"
version = "0.14.12"
source = { registry = "https://pypi.org/simple" }
sdist = { url = "https://files.pythonhosted.org/packages/85/81/5fd87d61352fb0f86b4436f278fe19b3770a8b73d42e8b3405d28df6b759/ruff-0.14.12.tar.gz", hash = "sha256:276b0821947f2afff8ee6da282bade96459d2e29f5a203eef04eb7b7a85b119f", size = 6055422, upload-time = "2026-01-15T16:22:12.371Z" }
wheels = [
    { url = "https://files.pythonhosted.org/packages/e4/de/58c5e3b4e6be8d0e007856128be59688cd4025a5345693dd169d61df8eb2/ruff-0.14.12-py3-none-linux_armv6l.whl", hash = "sha256:59434a99f0af57111f62cd77e86b4d4896a2c72bb90cc039d1ac501b151b798b", size = 13046871, upload-time = "2026-01-15T16:21:53.033Z" },
    { url = "https://files.pythonhosted.org/packages/dd/b3/d9710419b6aed406a41c7eb215d604a55d2137f2a60e24d0939dae081b1b/ruff-0.14.12-py3-none-macosx_10_12_x86_64.whl", hash = "sha256:a5912e8270c6b9ed28ae50b993032d195046293fefa56127a8dffbaa5e5bfc04", size = 13433477, upload-time = "2026-01-15T16:21:40.401Z" },
    { url = "https://files.pythonhosted.org/packages/da/4f/25cfc2c4b9fa22c90038bdd966e8e3aea92826790e5350f537f7b3f84609/ruff-0.14.12-py3-none-macosx_11_0_arm64.whl", hash = "sha256:5f59c587a413c9bd3259ec2d006853671f823ac4b4f974653bbcc84c180271de", size = 12356766, upload-time = "2026-01-15T16:21:42.853Z" },
    { url = "https://files.pythonhosted.org/packages/dd/5d/8da8aaca205ad94c87848e5f67b2cd014c022a76ea485ef9f1004ebc5118/ruff-0.14.12-py3-none-manylinux_2_17_aarch64.manylinux2014_aarch64.whl", hash = "sha256:bd31832569b06c75fdbf6f5f63a3458b7038d97f6e908b6e08fd02d00c20a3ae", size = 12771650, upload-time = "2026-01-15T16:22:00.387Z" },
    { url = "https://files.pythonhosted.org/packages/78/cc/75bc23144392ed21cd3413baf2476b9cd48eb056d87080530a1fe748108e/ruff-0.14.12-py3-none-manylinux_2_17_armv7l.manylinux2014_armv7l.whl", hash = "sha256:cc1ba7b0d74d14b75c3a9d7e7ca01040bd126bd6bde2cffe3c31c1defe649ec6", size = 12820601, upload-time = "2026-01-15T16:21:55.76Z" },
    { url = "https://files.pythonhosted.org/packages/fb/1b/66d03158d2c477da458d9ea22feed4d40609d596dd6fa10bf158039ce8f8/ruff-0.14.12-py3-none-manylinux_2_17_i686.manylinux2014_i686.whl", hash = "sha256:c1a90feecc2e44c01737d9d879ba6fc84b5626a7bd31e81991443198596ebe22", size = 13671644, upload-time = "2026-01-15T16:22:17.561Z" },
    { url = "https://files.pythonhosted.org/packages/22/df/0fa8920f4f1ca00d48a6f9b0b2310c426f4fcc943967af2d2723f7476d04/ruff-0.14.12-py3-none-manylinux_2_17_ppc64.manylinux2014_ppc64.whl", hash = "sha256:b4c3478b459b71940f49d4dac1f91efa3852bb566368ad9f94dae2c257b6e63e", size = 15147221, upload-time = "2026-01-15T16:21:32.998Z" },
    { url = "https://files.pythonhosted.org/packages/54/9a/64365c7be12c51100f4159d15a8b818e4ffdb6aa592080932aa954a59cbd/ruff-0.14.12-py3-none-manylinux_2_17_ppc64le.manylinux2014_ppc64le.whl", hash = "sha256:c14202522c2887e6644308827e72a6a0561fa965854e42ef14b325fa617c2634", size = 14709017, upload-time = "2026-01-15T16:22:02.69Z" },
    { url = "https://files.pythonhosted.org/packages/a7/58/2696c48a5ac88e9716a25048895f450772ce2f3e4cb37d67efc1e11da884/ruff-0.14.12-py3-none-manylinux_2_17_s390x.manylinux2014_s390x.whl", hash = "sha256:2e15471064058c5f22ad17aec4cab3920f71bf6b2dd8e1c8cfb05e8e9ee6d9d6", size = 14133819, upload-time = "2026-01-15T16:21:58.031Z" },
    { url = "https://files.pythonhosted.org/packages/74/81/ce6aea2dcb40cba3d865f4fda5b5058ddc7786002d5f8413e6bc542ed665/ruff-0.14.12-py3-none-manylinux_2_17_x86_64.manylinux2014_x86_64.whl", hash = "sha256:697c2e00f00cb1027b91fc8930e276bed580b2976a3e4aca50eae2b3db291f92", size = 13849027, upload-time = "2026-01-15T16:21:50.801Z" },
    { url = "https://files.pythonhosted.org/packages/db/42/402928ed9a377f15abea9331bc77315f1c83ecffa6477251cb435df674bb/ruff-0.14.12-py3-none-manylinux_2_31_riscv64.whl", hash = "sha256:0864023ac5b2c90af354372529926b4fce4980bff828b722bedf115a0677131b", size = 14030353, upload-time = "2026-01-15T16:22:04.835Z" },
    { url = "https://files.pythonhosted.org/packages/02/1a/bc4ee626929034fa1f0d97f03edf334bfdc947cc2609baed7529a4adb352/ruff-0.14.12-py3-none-musllinux_1_2_aarch64.whl", hash = "sha256:6372d9e07c0e61342582b29ba825c0712930c08ee72312d1764abfe761de2806", size = 12666546, upload-time = "2026-01-15T16:22:07.392Z" },
    { url = "https://files.pythonhosted.org/packages/f2/3f/e00efbf5ecf9279b06fcc26821178c46d89b402facdf9b7974b2a76f1da0/ruff-0.14.12-py3-none-musllinux_1_2_armv7l.whl", hash = "sha256:c59c4941400a86c60219fd1457012e6da23a92590755ab4ed1ae25bbe4aab948", size = 12802512, upload-time = "2026-01-15T16:21:48.13Z" },
    { url = "https://files.pythonhosted.org/packages/6f/05/610b462fc211eb877457ee08062af50c56d924849038ec1e6005d6e50791/ruff-0.14.12-py3-none-musllinux_1_2_i686.whl", hash = "sha256:65ce54567c42e3a6d2548b49b8e4e87148eaf455ad76d7a20f83c902bc7cc5e4", size = 13205003, upload-time = "2026-01-15T16:21:37.904Z" },
    { url = "https://files.pythonhosted.org/packages/43/87/68fb2335cf969f3b5a7808265e6998cc735bce9a8efc57f6a3c1c167b3bb/ruff-0.14.12-py3-none-musllinux_1_2_x86_64.whl", hash = "sha256:28255d5a1828bc1da67c8c5a2cea5c83de6f0b6185eef46f4fc12957396fb169", size = 13925981, upload-time = "2026-01-15T16:21:45.453Z" },
    { url = "https://files.pythonhosted.org/packages/cc/a7/2f02a56b457c7cf568778fbbc2302ce6aa00bd20f9dd6149329a376a6964/ruff-0.14.12-py3-none-win32.whl", hash = "sha256:a111f79ba789257177fe5971eea061c8545af3c0cab3529fa00155f6621c68da", size = 12897262, upload-time = "2026-01-15T16:22:15Z" },
    { url = "https://files.pythonhosted.org/packages/8b/fd/86c2309a254b4e0982b3423504614d9f05b077961167a31bdb5b533be8a9/ruff-0.14.12-py3-none-win_amd64.whl", hash = "sha256:8da366e9942b26ac1fb0df43264a3550655160b9536cdb66a2b070a22b6e5d6a", size = 14105034, upload-time = "2026-01-15T16:22:10.139Z" },
    { url = "https://files.pythonhosted.org/packages/5c/0a/8f0d458479113587b1dfd3fabedfd3f1df4653801273993b1f4dc31a935f/ruff-0.14.12-py3-none-win_arm64.whl", hash = "sha256:f0672b72872dc204580d2d3f8bdc4e922c88a0f93e2a3fb799ca085797a5a7c4", size = 13064991, upload-time = "2026-01-15T16:21:35.436Z" },
]

[[package]]
name = "ty"
version = "0.0.12"
source = { registry = "https://pypi.org/simple" }
sdist = { url = "https://files.pythonhosted.org/packages/b5/78/ba1a4ad403c748fbba8be63b7e774a90e80b67192f6443d624c64fe4aaab/ty-0.0.12.tar.gz", hash = "sha256:cd01810e106c3b652a01b8f784dd21741de9fdc47bd595d02c122a7d5cefeee7", size = 4981303, upload-time = "2026-01-14T22:30:48.537Z" }
wheels = [
    { url = "https://files.pythonhosted.org/packages/7d/8f/c21314d074dda5fb13d3300fa6733fd0d8ff23ea83a721818740665b6314/ty-0.0.12-py3-none-linux_armv6l.whl", hash = "sha256:eb9da1e2c68bd754e090eab39ed65edf95168d36cbeb43ff2bd9f86b4edd56d1", size = 9614164, upload-time = "2026-01-14T22:30:44.016Z" },
    { url = "https://files.pythonhosted.org/packages/09/28/f8a4d944d13519d70c486e8f96d6fa95647ac2aa94432e97d5cfec1f42f6/ty-0.0.12-py3-none-macosx_10_12_x86_64.whl", hash = "sha256:c181f42aa19b0ed7f1b0c2d559980b1f1d77cc09419f51c8321c7ddf67758853", size = 9542337, upload-time = "2026-01-14T22:30:05.687Z" },
    { url = "https://files.pythonhosted.org/packages/e1/9c/f576e360441de7a8201daa6dc4ebc362853bc5305e059cceeb02ebdd9a48/ty-0.0.12-py3-none-macosx_11_0_arm64.whl", hash = "sha256:1f829e1eecd39c3e1b032149db7ae6a3284f72fc36b42436e65243a9ed1173db", size = 8909582, upload-time = "2026-01-14T22:30:46.089Z" },
    { url = "https://files.pythonhosted.org/packages/d6/13/0898e494032a5d8af3060733d12929e3e7716db6c75eac63fa125730a3e7/ty-0.0.12-py3-none-manylinux_2_17_aarch64.manylinux2014_aarch64.whl", hash = "sha256:f45162e7826e1789cf3374627883cdeb0d56b82473a0771923e4572928e90be3", size = 9384932, upload-time = "2026-01-14T22:30:13.769Z" },
    { url = "https://files.pythonhosted.org/packages/e4/1a/b35b6c697008a11d4cedfd34d9672db2f0a0621ec80ece109e13fca4dfef/ty-0.0.12-py3-none-manylinux_2_17_armv7l.manylinux2014_armv7l.whl", hash = "sha256:d11fec40b269bec01e751b2337d1c7ffa959a2c2090a950d7e21c2792442cccd", size = 9453140, upload-time = "2026-01-14T22:30:11.131Z" },
    { url = "https://files.pythonhosted.org/packages/dd/1e/71c9edbc79a3c88a0711324458f29c7dbf6c23452c6e760dc25725483064/ty-0.0.12-py3-none-manylinux_2_17_i686.manylinux2014_i686.whl", hash = "sha256:09d99e37e761a4d2651ad9d5a610d11235fbcbf35dc6d4bc04abf54e7cf894f1", size = 9960680, upload-time = "2026-01-14T22:30:33.621Z" },
    { url = "https://files.pythonhosted.org/packages/0e/75/39375129f62dd22f6ad5a99cd2a42fd27d8b91b235ce2db86875cdad397d/ty-0.0.12-py3-none-manylinux_2_17_ppc64.manylinux2014_ppc64.whl", hash = "sha256:d9ca0cdb17bd37397da7b16a7cd23423fc65c3f9691e453ad46c723d121225a1", size = 10904518, upload-time = "2026-01-14T22:30:08.464Z" },
    { url = "https://files.pythonhosted.org/packages/32/5e/26c6d88fafa11a9d31ca9f4d12989f57782ec61e7291d4802d685b5be118/ty-0.0.12-py3-none-manylinux_2_17_ppc64le.manylinux2014_ppc64le.whl", hash = "sha256:fcf2757b905e7eddb7e456140066335b18eb68b634a9f72d6f54a427ab042c64", size = 10525001, upload-time = "2026-01-14T22:30:16.454Z" },
    { url = "https://files.pythonhosted.org/packages/c2/a5/2f0b91894af13187110f9ad7ee926d86e4e6efa755c9c88a820ed7f84c85/ty-0.0.12-py3-none-manylinux_2_17_s390x.manylinux2014_s390x.whl", hash = "sha256:00cf34c1ebe1147efeda3021a1064baa222c18cdac114b7b050bbe42deb4ca80", size = 10307103, upload-time = "2026-01-14T22:30:41.221Z" },
    { url = "https://files.pythonhosted.org/packages/4b/77/13d0410827e4bc713ebb7fdaf6b3590b37dcb1b82e0a81717b65548f2442/ty-0.0.12-py3-none-manylinux_2_17_x86_64.manylinux2014_x86_64.whl", hash = "sha256:2bb3a655bd869352e9a22938d707631ac9fbca1016242b1f6d132d78f347c851", size = 10072737, upload-time = "2026-01-14T22:30:51.783Z" },
    { url = "https://files.pythonhosted.org/packages/e1/dd/fc36d8bac806c74cf04b4ca735bca14d19967ca84d88f31e121767880df1/ty-0.0.12-py3-none-musllinux_1_2_aarch64.whl", hash = "sha256:4658e282c7cb82be304052f8f64f9925f23c3c4f90eeeb32663c74c4b095d7ba", size = 9368726, upload-time = "2026-01-14T22:30:18.683Z" },
    { url = "https://files.pythonhosted.org/packages/54/70/9e8e461647550f83e2fe54bc632ccbdc17a4909644783cdbdd17f7296059/ty-0.0.12-py3-none-musllinux_1_2_armv7l.whl", hash = "sha256:c167d838eaaa06e03bb66a517f75296b643d950fbd93c1d1686a187e5a8dbd1f", size = 9454704, upload-time = "2026-01-14T22:30:22.759Z" },
    { url = "https://files.pythonhosted.org/packages/04/9b/6292cf7c14a0efeca0539cf7d78f453beff0475cb039fbea0eb5d07d343d/ty-0.0.12-py3-none-musllinux_1_2_i686.whl", hash = "sha256:2956e0c9ab7023533b461d8a0e6b2ea7b78e01a8dde0688e8234d0fce10c4c1c", size = 9649829, upload-time = "2026-01-14T22:30:31.234Z" },
    { url = "https://files.pythonhosted.org/packages/49/bd/472a5d2013371e4870886cff791c94abdf0b92d43d305dd0f8e06b6ff719/ty-0.0.12-py3-none-musllinux_1_2_x86_64.whl", hash = "sha256:5c6a3fd7479580009f21002f3828320621d8a82d53b7ba36993234e3ccad58c8", size = 10162814, upload-time = "2026-01-14T22:30:36.174Z" },
    { url = "https://files.pythonhosted.org/packages/31/e9/2ecbe56826759845a7c21d80aa28187865ea62bc9757b056f6cbc06f78ed/ty-0.0.12-py3-none-win32.whl", hash = "sha256:a91c24fd75c0f1796d8ede9083e2c0ec96f106dbda73a09fe3135e075d31f742", size = 9140115, upload-time = "2026-01-14T22:30:38.903Z" },
    { url = "https://files.pythonhosted.org/packages/5d/6d/d9531eff35a5c0ec9dbc10231fac21f9dd6504814048e81d6ce1c84dc566/ty-0.0.12-py3-none-win_amd64.whl", hash = "sha256:df151894be55c22d47068b0f3b484aff9e638761e2267e115d515fcc9c5b4a4b", size = 9884532, upload-time = "2026-01-14T22:30:25.112Z" },
    { url = "https://files.pythonhosted.org/packages/e9/f3/20b49e75967023b123a221134548ad7000f9429f13fdcdda115b4c26305f/ty-0.0.12-py3-none-win_arm64.whl", hash = "sha256:cea99d334b05629de937ce52f43278acf155d3a316ad6a35356635f886be20ea", size = 9313974, upload-time = "2026-01-14T22:30:27.44Z" },
]
